// !$*UTF8*$!
{
	archiveVersion = 1;
	classes = {
	};
	objectVersion = 56;
	objects = {

/* Begin PBXBuildFile section */
		A1B2C3D4E5F6A7B8C9D0E1F2 /* GatherListsApp.swift in Sources */ = {isa = PBXBuildFile; fileRef = A1B2C3D4E5F6A7B8C9D0E1F3 /* GatherListsApp.swift */; };
		A1B2C3D4E5F6A7B8C9D0E1F4 /* Assets.xcassets in Resources */ = {isa = PBXBuildFile; fileRef = A1B2C3D4E5F6A7B8C9D0E1F5 /* Assets.xcassets */; };
		A1B2C3D4E5F6A7B8C9D0E1F6 /* Preview Assets.xcassets in Resources */ = {isa = PBXBuildFile; fileRef = A1B2C3D4E5F6A7B8C9D0E1F7 /* Preview Assets.xcassets */; };
		A1B2C3D4E5F6A7B8C9D0E221 /* PrivacyInfo.xcprivacy in Resources */ = {isa = PBXBuildFile; fileRef = A1B2C3D4E5F6A7B8C9D0E220 /* PrivacyInfo.xcprivacy */; };
		A1B2C3D4E5F6A7B8C9D0E2AF /* LaunchScreen.storyboard in Resources */ = {isa = PBXBuildFile; fileRef = A1B2C3D4E5F6A7B8C9D0E2AE /* LaunchScreen.storyboard */; };
		A1B2C3D4E5F6A7B8C9D0E231 /* GatherList.swift in Sources */ = {isa = PBXBuildFile; fileRef = A1B2C3D4E5F6A7B8C9D0E230 /* GatherList.swift */; };
		A1B2C3D4E5F6A7B8C9D0E233 /* ListShare.swift in Sources */ = {isa = PBXBuildFile; fileRef = A1B2C3D4E5F6A7B8C9D0E232 /* ListShare.swift */; };
		A1B2C3D4E5F6A7B8C9D0E235 /* ListService.swift in Sources */ = {isa = PBXBuildFile; fileRef = A1B2C3D4E5F6A7B8C9D0E234 /* ListService.swift */; };
		A1B2C3D4E5F6A7B8C9D0E237 /* ListViewModel.swift in Sources */ = {isa = PBXBuildFile; fileRef = A1B2C3D4E5F6A7B8C9D0E236 /* ListViewModel.swift */; };
		A1B2C3D4E5F6A7B8C9D0E239 /* ListBrowserView.swift in Sources */ = {isa = PBXBuildFile; fileRef = A1B2C3D4E5F6A7B8C9D0E238 /* ListBrowserView.swift */; };
		A1B2C3D4E5F6A7B8C9D0E23B /* ListRowView.swift in Sources */ = {isa = PBXBuildFile; fileRef = A1B2C3D4E5F6A7B8C9D0E23A /* ListRowView.swift */; };
		A1B2C3D4E5F6A7B8C9D0E23D /* ListDetailPlaceholderView.swift in Sources */ = {isa = PBXBuildFile; fileRef = A1B2C3D4E5F6A7B8C9D0E23C /* ListDetailPlaceholderView.swift */; };
		A1B2C3D4E5F6A7B8C9D0E23F /* ColorExtension.swift in Sources */ = {isa = PBXBuildFile; fileRef = A1B2C3D4E5F6A7B8C9D0E23E /* ColorExtension.swift */; };
		A1B2C3D4E5F6A7B8C9D0E241 /* CreateListSheet.swift in Sources */ = {isa = PBXBuildFile; fileRef = A1B2C3D4E5F6A7B8C9D0E240 /* CreateListSheet.swift */; };
		A1B2C3D4E5F6A7B8C9D0E243 /* EmojiPickerView.swift in Sources */ = {isa = PBXBuildFile; fileRef = A1B2C3D4E5F6A7B8C9D0E242 /* EmojiPickerView.swift */; };
		A1B2C3D4E5F6A7B8C9D0E245 /* EditListSheet.swift in Sources */ = {isa = PBXBuildFile; fileRef = A1B2C3D4E5F6A7B8C9D0E244 /* EditListSheet.swift */; };
		A1B2C3D4E5F6A7B8C9D0E247 /* ShareListSheet.swift in Sources */ = {isa = PBXBuildFile; fileRef = A1B2C3D4E5F6A7B8C9D0E246 /* ShareListSheet.swift */; };
		A1B2C3D4E5F6A7B8C9D0E249 /* ListDetailView.swift in Sources */ = {isa = PBXBuildFile; fileRef = A1B2C3D4E5F6A7B8C9D0E248 /* ListDetailView.swift */; };
		A1B2C3D4E5F6A7B8C9D0E24B /* Item.swift in Sources */ = {isa = PBXBuildFile; fileRef = A1B2C3D4E5F6A7B8C9D0E24A /* Item.swift */; };
		A1B2C3D4E5F6A7B8C9D0E24D /* HistoryEntry.swift in Sources */ = {isa = PBXBuildFile; fileRef = A1B2C3D4E5F6A7B8C9D0E24C /* HistoryEntry.swift */; };
		A1B2C3D4E5F6A7B8C9D0E24F /* Store.swift in Sources */ = {isa = PBXBuildFile; fileRef = A1B2C3D4E5F6A7B8C9D0E24E /* Store.swift */; };
		A1B2C3D4E5F6A7B8C9D0E251 /* CategoryDefinitions.swift in Sources */ = {isa = PBXBuildFile; fileRef = A1B2C3D4E5F6A7B8C9D0E250 /* CategoryDefinitions.swift */; };
		A1B2C3D4E5F6A7B8C9D0E253 /* ItemService.swift in Sources */ = {isa = PBXBuildFile; fileRef = A1B2C3D4E5F6A7B8C9D0E252 /* ItemService.swift */; };
		A1B2C3D4E5F6A7B8C9D0E255 /* HistoryService.swift in Sources */ = {isa = PBXBuildFile; fileRef = A1B2C3D4E5F6A7B8C9D0E254 /* HistoryService.swift */; };
		A1B2C3D4E5F6A7B8C9D0E257 /* StoreService.swift in Sources */ = {isa = PBXBuildFile; fileRef = A1B2C3D4E5F6A7B8C9D0E256 /* StoreService.swift */; };
		A1B2C3D4E5F6A7B8C9D0E259 /* ListDetailViewModel.swift in Sources */ = {isa = PBXBuildFile; fileRef = A1B2C3D4E5F6A7B8C9D0E258 /* ListDetailViewModel.swift */; };
		A1B2C3D4E5F6A7B8C9D0E25B /* StoreViewModel.swift in Sources */ = {isa = PBXBuildFile; fileRef = A1B2C3D4E5F6A7B8C9D0E25A /* StoreViewModel.swift */; };
		A1B2C3D4E5F6A7B8C9D0E25E /* StoreBrowserView.swift in Sources */ = {isa = PBXBuildFile; fileRef = A1B2C3D4E5F6A7B8C9D0E25D /* StoreBrowserView.swift */; };
		A1B2C3D4E5F6A7B8C9D0E260 /* CreateStoreSheet.swift in Sources */ = {isa = PBXBuildFile; fileRef = A1B2C3D4E5F6A7B8C9D0E25F /* CreateStoreSheet.swift */; };
		A1B2C3D4E5F6A7B8C9D0E262 /* EditStoreSheet.swift in Sources */ = {isa = PBXBuildFile; fileRef = A1B2C3D4E5F6A7B8C9D0E261 /* EditStoreSheet.swift */; };
		A1B2C3D4E5F6A7B8C9D0E264 /* CategoryEditorView.swift in Sources */ = {isa = PBXBuildFile; fileRef = A1B2C3D4E5F6A7B8C9D0E263 /* CategoryEditorView.swift */; };
		A1B2C3D4E5F6A7B8C9D0E266 /* CategoryDetailView.swift in Sources */ = {isa = PBXBuildFile; fileRef = A1B2C3D4E5F6A7B8C9D0E265 /* CategoryDetailView.swift */; };
		A1B2C3D4E5F6A7B8C9D0E268 /* Recipe.swift in Sources */ = {isa = PBXBuildFile; fileRef = A1B2C3D4E5F6A7B8C9D0E267 /* Recipe.swift */; };
		A1B2C3D4E5F6A7B8C9D0E26A /* RecipeIngredient.swift in Sources */ = {isa = PBXBuildFile; fileRef = A1B2C3D4E5F6A7B8C9D0E269 /* RecipeIngredient.swift */; };
		A1B2C3D4E5F6A7B8C9D0E26C /* RecipeStep.swift in Sources */ = {isa = PBXBuildFile; fileRef = A1B2C3D4E5F6A7B8C9D0E26B /* RecipeStep.swift */; };
		A1B2C3D4E5F6A7B8C9D0E26E /* RecipeCollection.swift in Sources */ = {isa = PBXBuildFile; fileRef = A1B2C3D4E5F6A7B8C9D0E26D /* RecipeCollection.swift */; };
		A1B2C3D4E5F6A7B8C9D0E270 /* CollectionShare.swift in Sources */ = {isa = PBXBuildFile; fileRef = A1B2C3D4E5F6A7B8C9D0E26F /* CollectionShare.swift */; };
		A1B2C3D4E5F6A7B8C9D0E272 /* RecipeService.swift in Sources */ = {isa = PBXBuildFile; fileRef = A1B2C3D4E5F6A7B8C9D0E271 /* RecipeService.swift */; };
		A1B2C3D4E5F6A7B8C9D0E274 /* RecipeViewModel.swift in Sources */ = {isa = PBXBuildFile; fileRef = A1B2C3D4E5F6A7B8C9D0E273 /* RecipeViewModel.swift */; };
		A1B2C3D4E5F6A7B8C9D0E276 /* CollectionBrowserView.swift in Sources */ = {isa = PBXBuildFile; fileRef = A1B2C3D4E5F6A7B8C9D0E275 /* CollectionBrowserView.swift */; };
		A1B2C3D4E5F6A7B8C9D0E278 /* CreateCollectionSheet.swift in Sources */ = {isa = PBXBuildFile; fileRef = A1B2C3D4E5F6A7B8C9D0E277 /* CreateCollectionSheet.swift */; };
		A1B2C3D4E5F6A7B8C9D0E27A /* CollectionRecipeListView.swift in Sources */ = {isa = PBXBuildFile; fileRef = A1B2C3D4E5F6A7B8C9D0E279 /* CollectionRecipeListView.swift */; };
		A1B2C3D4E5F6A7B8C9D0E27C /* RecipeFormSheet.swift in Sources */ = {isa = PBXBuildFile; fileRef = A1B2C3D4E5F6A7B8C9D0E27B /* RecipeFormSheet.swift */; };
		A1B2C3D4E5F6A7B8C9D0E27E /* RecipeDetailView.swift in Sources */ = {isa = PBXBuildFile; fileRef = A1B2C3D4E5F6A7B8C9D0E27D /* RecipeDetailView.swift */; };
		A1B2C3D4E5F6A7B8C9D0E280 /* ShareCollectionSheet.swift in Sources */ = {isa = PBXBuildFile; fileRef = A1B2C3D4E5F6A7B8C9D0E27F /* ShareCollectionSheet.swift */; };
		A1B2C3D4E5F6A7B8C9D0E282 /* EditCollectionSheet.swift in Sources */ = {isa = PBXBuildFile; fileRef = A1B2C3D4E5F6A7B8C9D0E281 /* EditCollectionSheet.swift */; };
		A1B2C3D4E5F6A7B8C9D0E284 /* StorageService.swift in Sources */ = {isa = PBXBuildFile; fileRef = A1B2C3D4E5F6A7B8C9D0E283 /* StorageService.swift */; };
		A1B2C3D4E5F6A7B8C9D0E287 /* ImageCompressor.swift in Sources */ = {isa = PBXBuildFile; fileRef = A1B2C3D4E5F6A7B8C9D0E286 /* ImageCompressor.swift */; };
		A1B2C3D4E5F6A7B8C9D0E289 /* CameraPicker.swift in Sources */ = {isa = PBXBuildFile; fileRef = A1B2C3D4E5F6A7B8C9D0E288 /* CameraPicker.swift */; };
		A1B2C3D4E5F6A7B8C9D0E291 /* RecipeTextParser.swift in Sources */ = {isa = PBXBuildFile; fileRef = A1B2C3D4E5F6A7B8C9D0E290 /* RecipeTextParser.swift */; };
		A1B2C3D4E5F6A7B8C9D0E293 /* AddToListSheet.swift in Sources */ = {isa = PBXBuildFile; fileRef = A1B2C3D4E5F6A7B8C9D0E292 /* AddToListSheet.swift */; };
		A1B2C3D4E5F6A7B8C9D0E295 /* RecipeTemplate.swift in Sources */ = {isa = PBXBuildFile; fileRef = A1B2C3D4E5F6A7B8C9D0E294 /* RecipeTemplate.swift */; };
		A1B2C3D4E5F6A7B8C9D0E297 /* Profile.swift in Sources */ = {isa = PBXBuildFile; fileRef = A1B2C3D4E5F6A7B8C9D0E296 /* Profile.swift */; };
		A1B2C3D4E5F6A7B8C9D0E299 /* ProfileService.swift in Sources */ = {isa = PBXBuildFile; fileRef = A1B2C3D4E5F6A7B8C9D0E298 /* ProfileService.swift */; };
		A1B2C3D4E5F6A7B8C9D0E29B /* AppearanceManager.swift in Sources */ = {isa = PBXBuildFile; fileRef = A1B2C3D4E5F6A7B8C9D0E29A /* AppearanceManager.swift */; };
		A1B2C3D4E5F6A7B8C9D0E29D /* ProductSearchService.swift in Sources */ = {isa = PBXBuildFile; fileRef = A1B2C3D4E5F6A7B8C9D0E29C /* ProductSearchService.swift */; };
		A1B2C3D4E5F6A7B8C9D0E29F /* ItemImagePickerSheet.swift in Sources */ = {isa = PBXBuildFile; fileRef = A1B2C3D4E5F6A7B8C9D0E29E /* ItemImagePickerSheet.swift */; };
		A1B2C3D4E5F6A7B8C9D0E2A1 /* NetworkMonitor.swift in Sources */ = {isa = PBXBuildFile; fileRef = A1B2C3D4E5F6A7B8C9D0E2A0 /* NetworkMonitor.swift */; };
		A1B2C3D4E5F6A7B8C9D0E2A3 /* ItemSuggestion.swift in Sources */ = {isa = PBXBuildFile; fileRef = A1B2C3D4E5F6A7B8C9D0E2A2 /* ItemSuggestion.swift */; };
		A1B2C3D4E5F6A7B8C9D0E2A5 /* SuggestionEngine.swift in Sources */ = {isa = PBXBuildFile; fileRef = A1B2C3D4E5F6A7B8C9D0E2A4 /* SuggestionEngine.swift */; };
		A1B2C3D4E5F6A7B8C9D0E2A7 /* SuggestionsView.swift in Sources */ = {isa = PBXBuildFile; fileRef = A1B2C3D4E5F6A7B8C9D0E2A6 /* SuggestionsView.swift */; };
		A1B2C3D4E5F6A7B8C9D0E2A9 /* OfflineCache.swift in Sources */ = {isa = PBXBuildFile; fileRef = A1B2C3D4E5F6A7B8C9D0E2A8 /* OfflineCache.swift */; };
		A1B2C3D4E5F6A7B8C9D0E2AB /* CachedDataBanner.swift in Sources */ = {isa = PBXBuildFile; fileRef = A1B2C3D4E5F6A7B8C9D0E2AA /* CachedDataBanner.swift */; };
		A1B2C3D4E5F6A7B8C9D0E2AD /* StackedLogoView.swift in Sources */ = {isa = PBXBuildFile; fileRef = A1B2C3D4E5F6A7B8C9D0E2AC /* StackedLogoView.swift */; };
		B1C2D3E4F5A6B7C8D9E0F1A2 /* Secrets.plist in Resources */ = {isa = PBXBuildFile; fileRef = B1C2D3E4F5A6B7C8D9E0F1A3 /* Secrets.plist */; };
		B1C2D3E4F5A6B7C8D9E0F1A4 /* SupabaseManager.swift in Sources */ = {isa = PBXBuildFile; fileRef = B1C2D3E4F5A6B7C8D9E0F1A5 /* SupabaseManager.swift */; };
		B1C2D3E4F5A6B7C8D9E0F1A6 /* Supabase in Frameworks */ = {isa = PBXBuildFile; productRef = B1C2D3E4F5A6B7C8D9E0F1A7 /* Supabase */; };
		C2D3E4F5A6B7C8D9E0F1A2B3 /* AuthViewModel.swift in Sources */ = {isa = PBXBuildFile; fileRef = C2D3E4F5A6B7C8D9E0F1A2B4 /* AuthViewModel.swift */; };
		D3E4F5A6B7C8D9E0F1A2B3C4 /* LoginView.swift in Sources */ = {isa = PBXBuildFile; fileRef = D3E4F5A6B7C8D9E0F1A2B3C5 /* LoginView.swift */; };
		E4F5A6B7C8D9E0F1A2B3C4D5 /* MainTabView.swift in Sources */ = {isa = PBXBuildFile; fileRef = E4F5A6B7C8D9E0F1A2B3C4D6 /* MainTabView.swift */; };
		F5A6B7C8D9E0F1A2B3C4D5E6 /* SettingsView.swift in Sources */ = {isa = PBXBuildFile; fileRef = F5A6B7C8D9E0F1A2B3C4D5E7 /* SettingsView.swift */; };
/* End PBXBuildFile section */

/* Begin PBXFileReference section */
		A1B2C3D4E5F6A7B8C9D0E1F3 /* GatherListsApp.swift */ = {isa = PBXFileReference; lastKnownFileType = sourcecode.swift; path = GatherListsApp.swift; sourceTree = "<group>"; };
		A1B2C3D4E5F6A7B8C9D0E1F5 /* Assets.xcassets */ = {isa = PBXFileReference; lastKnownFileType = folder.assetcatalog; path = Assets.xcassets; sourceTree = "<group>"; };
		A1B2C3D4E5F6A7B8C9D0E1F7 /* Preview Assets.xcassets */ = {isa = PBXFileReference; lastKnownFileType = folder.assetcatalog; path = "Preview Assets.xcassets"; sourceTree = "<group>"; };
		A1B2C3D4E5F6A7B8C9D0E1F8 /* GatherLists.app */ = {isa = PBXFileReference; explicitFileType = wrapper.application; includeInIndex = 0; path = GatherLists.app; sourceTree = BUILT_PRODUCTS_DIR; };
		A1B2C3D4E5F6A7B8C9D0E1F9 /* Info.plist */ = {isa = PBXFileReference; lastKnownFileType = text.plist.xml; path = Info.plist; sourceTree = "<group>"; };
		A1B2C3D4E5F6A7B8C9D0E1FA /* GatherLists.entitlements */ = {isa = PBXFileReference; lastKnownFileType = text.plist.entitlements; path = GatherLists.entitlements; sourceTree = "<group>"; };
		A1B2C3D4E5F6A7B8C9D0E220 /* PrivacyInfo.xcprivacy */ = {isa = PBXFileReference; lastKnownFileType = text.xml; path = PrivacyInfo.xcprivacy; sourceTree = "<group>"; };
		A1B2C3D4E5F6A7B8C9D0E2AE /* LaunchScreen.storyboard */ = {isa = PBXFileReference; lastKnownFileType = file.storyboard; path = LaunchScreen.storyboard; sourceTree = "<group>"; };
		A1B2C3D4E5F6A7B8C9D0E230 /* GatherList.swift */ = {isa = PBXFileReference; lastKnownFileType = sourcecode.swift; path = GatherList.swift; sourceTree = "<group>"; };
		A1B2C3D4E5F6A7B8C9D0E232 /* ListShare.swift */ = {isa = PBXFileReference; lastKnownFileType = sourcecode.swift; path = ListShare.swift; sourceTree = "<group>"; };
		A1B2C3D4E5F6A7B8C9D0E234 /* ListService.swift */ = {isa = PBXFileReference; lastKnownFileType = sourcecode.swift; path = ListService.swift; sourceTree = "<group>"; };
		A1B2C3D4E5F6A7B8C9D0E236 /* ListViewModel.swift */ = {isa = PBXFileReference; lastKnownFileType = sourcecode.swift; path = ListViewModel.swift; sourceTree = "<group>"; };
		A1B2C3D4E5F6A7B8C9D0E238 /* ListBrowserView.swift */ = {isa = PBXFileReference; lastKnownFileType = sourcecode.swift; path = ListBrowserView.swift; sourceTree = "<group>"; };
		A1B2C3D4E5F6A7B8C9D0E23A /* ListRowView.swift */ = {isa = PBXFileReference; lastKnownFileType = sourcecode.swift; path = ListRowView.swift; sourceTree = "<group>"; };
		A1B2C3D4E5F6A7B8C9D0E23C /* ListDetailPlaceholderView.swift */ = {isa = PBXFileReference; lastKnownFileType = sourcecode.swift; path = ListDetailPlaceholderView.swift; sourceTree = "<group>"; };
		A1B2C3D4E5F6A7B8C9D0E23E /* ColorExtension.swift */ = {isa = PBXFileReference; lastKnownFileType = sourcecode.swift; path = ColorExtension.swift; sourceTree = "<group>"; };
		A1B2C3D4E5F6A7B8C9D0E240 /* CreateListSheet.swift */ = {isa = PBXFileReference; lastKnownFileType = sourcecode.swift; path = CreateListSheet.swift; sourceTree = "<group>"; };
		A1B2C3D4E5F6A7B8C9D0E242 /* EmojiPickerView.swift */ = {isa = PBXFileReference; lastKnownFileType = sourcecode.swift; path = EmojiPickerView.swift; sourceTree = "<group>"; };
		A1B2C3D4E5F6A7B8C9D0E244 /* EditListSheet.swift */ = {isa = PBXFileReference; lastKnownFileType = sourcecode.swift; path = EditListSheet.swift; sourceTree = "<group>"; };
		A1B2C3D4E5F6A7B8C9D0E246 /* ShareListSheet.swift */ = {isa = PBXFileReference; lastKnownFileType = sourcecode.swift; path = ShareListSheet.swift; sourceTree = "<group>"; };
		A1B2C3D4E5F6A7B8C9D0E248 /* ListDetailView.swift */ = {isa = PBXFileReference; lastKnownFileType = sourcecode.swift; path = ListDetailView.swift; sourceTree = "<group>"; };
		A1B2C3D4E5F6A7B8C9D0E24A /* Item.swift */ = {isa = PBXFileReference; lastKnownFileType = sourcecode.swift; path = Item.swift; sourceTree = "<group>"; };
		A1B2C3D4E5F6A7B8C9D0E24C /* HistoryEntry.swift */ = {isa = PBXFileReference; lastKnownFileType = sourcecode.swift; path = HistoryEntry.swift; sourceTree = "<group>"; };
		A1B2C3D4E5F6A7B8C9D0E24E /* Store.swift */ = {isa = PBXFileReference; lastKnownFileType = sourcecode.swift; path = Store.swift; sourceTree = "<group>"; };
		A1B2C3D4E5F6A7B8C9D0E250 /* CategoryDefinitions.swift */ = {isa = PBXFileReference; lastKnownFileType = sourcecode.swift; path = CategoryDefinitions.swift; sourceTree = "<group>"; };
		A1B2C3D4E5F6A7B8C9D0E252 /* ItemService.swift */ = {isa = PBXFileReference; lastKnownFileType = sourcecode.swift; path = ItemService.swift; sourceTree = "<group>"; };
		A1B2C3D4E5F6A7B8C9D0E254 /* HistoryService.swift */ = {isa = PBXFileReference; lastKnownFileType = sourcecode.swift; path = HistoryService.swift; sourceTree = "<group>"; };
		A1B2C3D4E5F6A7B8C9D0E256 /* StoreService.swift */ = {isa = PBXFileReference; lastKnownFileType = sourcecode.swift; path = StoreService.swift; sourceTree = "<group>"; };
		A1B2C3D4E5F6A7B8C9D0E258 /* ListDetailViewModel.swift */ = {isa = PBXFileReference; lastKnownFileType = sourcecode.swift; path = ListDetailViewModel.swift; sourceTree = "<group>"; };
		A1B2C3D4E5F6A7B8C9D0E25A /* StoreViewModel.swift */ = {isa = PBXFileReference; lastKnownFileType = sourcecode.swift; path = StoreViewModel.swift; sourceTree = "<group>"; };
		A1B2C3D4E5F6A7B8C9D0E25D /* StoreBrowserView.swift */ = {isa = PBXFileReference; lastKnownFileType = sourcecode.swift; path = StoreBrowserView.swift; sourceTree = "<group>"; };
		A1B2C3D4E5F6A7B8C9D0E25F /* CreateStoreSheet.swift */ = {isa = PBXFileReference; lastKnownFileType = sourcecode.swift; path = CreateStoreSheet.swift; sourceTree = "<group>"; };
		A1B2C3D4E5F6A7B8C9D0E261 /* EditStoreSheet.swift */ = {isa = PBXFileReference; lastKnownFileType = sourcecode.swift; path = EditStoreSheet.swift; sourceTree = "<group>"; };
		A1B2C3D4E5F6A7B8C9D0E263 /* CategoryEditorView.swift */ = {isa = PBXFileReference; lastKnownFileType = sourcecode.swift; path = CategoryEditorView.swift; sourceTree = "<group>"; };
		A1B2C3D4E5F6A7B8C9D0E265 /* CategoryDetailView.swift */ = {isa = PBXFileReference; lastKnownFileType = sourcecode.swift; path = CategoryDetailView.swift; sourceTree = "<group>"; };
		A1B2C3D4E5F6A7B8C9D0E267 /* Recipe.swift */ = {isa = PBXFileReference; lastKnownFileType = sourcecode.swift; path = Recipe.swift; sourceTree = "<group>"; };
		A1B2C3D4E5F6A7B8C9D0E269 /* RecipeIngredient.swift */ = {isa = PBXFileReference; lastKnownFileType = sourcecode.swift; path = RecipeIngredient.swift; sourceTree = "<group>"; };
		A1B2C3D4E5F6A7B8C9D0E26B /* RecipeStep.swift */ = {isa = PBXFileReference; lastKnownFileType = sourcecode.swift; path = RecipeStep.swift; sourceTree = "<group>"; };
		A1B2C3D4E5F6A7B8C9D0E26D /* RecipeCollection.swift */ = {isa = PBXFileReference; lastKnownFileType = sourcecode.swift; path = RecipeCollection.swift; sourceTree = "<group>"; };
		A1B2C3D4E5F6A7B8C9D0E26F /* CollectionShare.swift */ = {isa = PBXFileReference; lastKnownFileType = sourcecode.swift; path = CollectionShare.swift; sourceTree = "<group>"; };
		A1B2C3D4E5F6A7B8C9D0E271 /* RecipeService.swift */ = {isa = PBXFileReference; lastKnownFileType = sourcecode.swift; path = RecipeService.swift; sourceTree = "<group>"; };
		A1B2C3D4E5F6A7B8C9D0E273 /* RecipeViewModel.swift */ = {isa = PBXFileReference; lastKnownFileType = sourcecode.swift; path = RecipeViewModel.swift; sourceTree = "<group>"; };
		A1B2C3D4E5F6A7B8C9D0E275 /* CollectionBrowserView.swift */ = {isa = PBXFileReference; lastKnownFileType = sourcecode.swift; path = CollectionBrowserView.swift; sourceTree = "<group>"; };
		A1B2C3D4E5F6A7B8C9D0E277 /* CreateCollectionSheet.swift */ = {isa = PBXFileReference; lastKnownFileType = sourcecode.swift; path = CreateCollectionSheet.swift; sourceTree = "<group>"; };
		A1B2C3D4E5F6A7B8C9D0E279 /* CollectionRecipeListView.swift */ = {isa = PBXFileReference; lastKnownFileType = sourcecode.swift; path = CollectionRecipeListView.swift; sourceTree = "<group>"; };
		A1B2C3D4E5F6A7B8C9D0E27B /* RecipeFormSheet.swift */ = {isa = PBXFileReference; lastKnownFileType = sourcecode.swift; path = RecipeFormSheet.swift; sourceTree = "<group>"; };
		A1B2C3D4E5F6A7B8C9D0E27D /* RecipeDetailView.swift */ = {isa = PBXFileReference; lastKnownFileType = sourcecode.swift; path = RecipeDetailView.swift; sourceTree = "<group>"; };
		A1B2C3D4E5F6A7B8C9D0E27F /* ShareCollectionSheet.swift */ = {isa = PBXFileReference; lastKnownFileType = sourcecode.swift; path = ShareCollectionSheet.swift; sourceTree = "<group>"; };
		A1B2C3D4E5F6A7B8C9D0E281 /* EditCollectionSheet.swift */ = {isa = PBXFileReference; lastKnownFileType = sourcecode.swift; path = EditCollectionSheet.swift; sourceTree = "<group>"; };
		A1B2C3D4E5F6A7B8C9D0E283 /* StorageService.swift */ = {isa = PBXFileReference; lastKnownFileType = sourcecode.swift; path = StorageService.swift; sourceTree = "<group>"; };
		A1B2C3D4E5F6A7B8C9D0E286 /* ImageCompressor.swift */ = {isa = PBXFileReference; lastKnownFileType = sourcecode.swift; path = ImageCompressor.swift; sourceTree = "<group>"; };
		A1B2C3D4E5F6A7B8C9D0E288 /* CameraPicker.swift */ = {isa = PBXFileReference; lastKnownFileType = sourcecode.swift; path = CameraPicker.swift; sourceTree = "<group>"; };
		A1B2C3D4E5F6A7B8C9D0E290 /* RecipeTextParser.swift */ = {isa = PBXFileReference; lastKnownFileType = sourcecode.swift; path = RecipeTextParser.swift; sourceTree = "<group>"; };
		A1B2C3D4E5F6A7B8C9D0E292 /* AddToListSheet.swift */ = {isa = PBXFileReference; lastKnownFileType = sourcecode.swift; path = AddToListSheet.swift; sourceTree = "<group>"; };
		A1B2C3D4E5F6A7B8C9D0E294 /* RecipeTemplate.swift */ = {isa = PBXFileReference; lastKnownFileType = sourcecode.swift; path = RecipeTemplate.swift; sourceTree = "<group>"; };
		A1B2C3D4E5F6A7B8C9D0E296 /* Profile.swift */ = {isa = PBXFileReference; lastKnownFileType = sourcecode.swift; path = Profile.swift; sourceTree = "<group>"; };
		A1B2C3D4E5F6A7B8C9D0E298 /* ProfileService.swift */ = {isa = PBXFileReference; lastKnownFileType = sourcecode.swift; path = ProfileService.swift; sourceTree = "<group>"; };
		A1B2C3D4E5F6A7B8C9D0E29A /* AppearanceManager.swift */ = {isa = PBXFileReference; lastKnownFileType = sourcecode.swift; path = AppearanceManager.swift; sourceTree = "<group>"; };
		A1B2C3D4E5F6A7B8C9D0E29C /* ProductSearchService.swift */ = {isa = PBXFileReference; lastKnownFileType = sourcecode.swift; path = ProductSearchService.swift; sourceTree = "<group>"; };
		A1B2C3D4E5F6A7B8C9D0E29E /* ItemImagePickerSheet.swift */ = {isa = PBXFileReference; lastKnownFileType = sourcecode.swift; path = ItemImagePickerSheet.swift; sourceTree = "<group>"; };
		A1B2C3D4E5F6A7B8C9D0E2A0 /* NetworkMonitor.swift */ = {isa = PBXFileReference; lastKnownFileType = sourcecode.swift; path = NetworkMonitor.swift; sourceTree = "<group>"; };
		A1B2C3D4E5F6A7B8C9D0E2A2 /* ItemSuggestion.swift */ = {isa = PBXFileReference; lastKnownFileType = sourcecode.swift; path = ItemSuggestion.swift; sourceTree = "<group>"; };
		A1B2C3D4E5F6A7B8C9D0E2A4 /* SuggestionEngine.swift */ = {isa = PBXFileReference; lastKnownFileType = sourcecode.swift; path = SuggestionEngine.swift; sourceTree = "<group>"; };
		A1B2C3D4E5F6A7B8C9D0E2A6 /* SuggestionsView.swift */ = {isa = PBXFileReference; lastKnownFileType = sourcecode.swift; path = SuggestionsView.swift; sourceTree = "<group>"; };
		A1B2C3D4E5F6A7B8C9D0E2A8 /* OfflineCache.swift */ = {isa = PBXFileReference; lastKnownFileType = sourcecode.swift; path = OfflineCache.swift; sourceTree = "<group>"; };
		A1B2C3D4E5F6A7B8C9D0E2AA /* CachedDataBanner.swift */ = {isa = PBXFileReference; lastKnownFileType = sourcecode.swift; path = CachedDataBanner.swift; sourceTree = "<group>"; };
		A1B2C3D4E5F6A7B8C9D0E2AC /* StackedLogoView.swift */ = {isa = PBXFileReference; lastKnownFileType = sourcecode.swift; path = StackedLogoView.swift; sourceTree = "<group>"; };
		B1C2D3E4F5A6B7C8D9E0F1A3 /* Secrets.plist */ = {isa = PBXFileReference; lastKnownFileType = text.plist.xml; path = Secrets.plist; sourceTree = "<group>"; };
		B1C2D3E4F5A6B7C8D9E0F1A5 /* SupabaseManager.swift */ = {isa = PBXFileReference; lastKnownFileType = sourcecode.swift; path = SupabaseManager.swift; sourceTree = "<group>"; };
		C2D3E4F5A6B7C8D9E0F1A2B4 /* AuthViewModel.swift */ = {isa = PBXFileReference; lastKnownFileType = sourcecode.swift; path = AuthViewModel.swift; sourceTree = "<group>"; };
		D3E4F5A6B7C8D9E0F1A2B3C5 /* LoginView.swift */ = {isa = PBXFileReference; lastKnownFileType = sourcecode.swift; path = LoginView.swift; sourceTree = "<group>"; };
		E4F5A6B7C8D9E0F1A2B3C4D6 /* MainTabView.swift */ = {isa = PBXFileReference; lastKnownFileType = sourcecode.swift; path = MainTabView.swift; sourceTree = "<group>"; };
		F5A6B7C8D9E0F1A2B3C4D5E7 /* SettingsView.swift */ = {isa = PBXFileReference; lastKnownFileType = sourcecode.swift; path = SettingsView.swift; sourceTree = "<group>"; };
/* End PBXFileReference section */

/* Begin PBXFrameworksBuildPhase section */
		A1B2C3D4E5F6A7B8C9D0E200 /* Frameworks */ = {
			isa = PBXFrameworksBuildPhase;
			buildActionMask = 2147483647;
			files = (
				B1C2D3E4F5A6B7C8D9E0F1A6 /* Supabase in Frameworks */,
			);
			runOnlyForDeploymentPostprocessing = 0;
		};
/* End PBXFrameworksBuildPhase section */

/* Begin PBXGroup section */
		A1B2C3D4E5F6A7B8C9D0E201 = {
			isa = PBXGroup;
			children = (
				A1B2C3D4E5F6A7B8C9D0E202 /* GatherLists */,
				A1B2C3D4E5F6A7B8C9D0E203 /* Products */,
			);
			sourceTree = "<group>";
		};
		A1B2C3D4E5F6A7B8C9D0E202 /* GatherLists */ = {
			isa = PBXGroup;
			children = (
				A1B2C3D4E5F6A7B8C9D0E1F3 /* GatherListsApp.swift */,
				A1B2C3D4E5F6A7B8C9D0E210 /* Config */,
				A1B2C3D4E5F6A7B8C9D0E211 /* Models */,
				A1B2C3D4E5F6A7B8C9D0E212 /* Services */,
				A1B2C3D4E5F6A7B8C9D0E285 /* Utils */,
				A1B2C3D4E5F6A7B8C9D0E213 /* ViewModels */,
				A1B2C3D4E5F6A7B8C9D0E214 /* Views */,
				A1B2C3D4E5F6A7B8C9D0E1F5 /* Assets.xcassets */,
				A1B2C3D4E5F6A7B8C9D0E1F9 /* Info.plist */,
				A1B2C3D4E5F6A7B8C9D0E1FA /* GatherLists.entitlements */,
				A1B2C3D4E5F6A7B8C9D0E2AE /* LaunchScreen.storyboard */,
				A1B2C3D4E5F6A7B8C9D0E220 /* PrivacyInfo.xcprivacy */,
				A1B2C3D4E5F6A7B8C9D0E204 /* Preview Content */,
			);
			path = GatherLists;
			sourceTree = "<group>";
		};
		A1B2C3D4E5F6A7B8C9D0E203 /* Products */ = {
			isa = PBXGroup;
			children = (
				A1B2C3D4E5F6A7B8C9D0E1F8 /* GatherLists.app */,
			);
			name = Products;
			sourceTree = "<group>";
		};
		A1B2C3D4E5F6A7B8C9D0E204 /* Preview Content */ = {
			isa = PBXGroup;
			children = (
				A1B2C3D4E5F6A7B8C9D0E1F7 /* Preview Assets.xcassets */,
			);
			path = "Preview Content";
			sourceTree = "<group>";
		};
		A1B2C3D4E5F6A7B8C9D0E210 /* Config */ = {
			isa = PBXGroup;
			children = (
				B1C2D3E4F5A6B7C8D9E0F1A3 /* Secrets.plist */,
			);
			path = Config;
			sourceTree = "<group>";
		};
		A1B2C3D4E5F6A7B8C9D0E211 /* Models */ = {
			isa = PBXGroup;
			children = (
				A1B2C3D4E5F6A7B8C9D0E24A /* Item.swift */,
				A1B2C3D4E5F6A7B8C9D0E24C /* HistoryEntry.swift */,
				A1B2C3D4E5F6A7B8C9D0E24E /* Store.swift */,
				A1B2C3D4E5F6A7B8C9D0E250 /* CategoryDefinitions.swift */,
				A1B2C3D4E5F6A7B8C9D0E230 /* GatherList.swift */,
				A1B2C3D4E5F6A7B8C9D0E232 /* ListShare.swift */,
				A1B2C3D4E5F6A7B8C9D0E267 /* Recipe.swift */,
				A1B2C3D4E5F6A7B8C9D0E269 /* RecipeIngredient.swift */,
				A1B2C3D4E5F6A7B8C9D0E26B /* RecipeStep.swift */,
				A1B2C3D4E5F6A7B8C9D0E26D /* RecipeCollection.swift */,
				A1B2C3D4E5F6A7B8C9D0E26F /* CollectionShare.swift */,
				A1B2C3D4E5F6A7B8C9D0E294 /* RecipeTemplate.swift */,
				A1B2C3D4E5F6A7B8C9D0E296 /* Profile.swift */,
				A1B2C3D4E5F6A7B8C9D0E2A2 /* ItemSuggestion.swift */,
			);
			path = Models;
			sourceTree = "<group>";
		};
		A1B2C3D4E5F6A7B8C9D0E212 /* Services */ = {
			isa = PBXGroup;
			children = (
				B1C2D3E4F5A6B7C8D9E0F1A5 /* SupabaseManager.swift */,
				A1B2C3D4E5F6A7B8C9D0E234 /* ListService.swift */,
				A1B2C3D4E5F6A7B8C9D0E252 /* ItemService.swift */,
				A1B2C3D4E5F6A7B8C9D0E254 /* HistoryService.swift */,
				A1B2C3D4E5F6A7B8C9D0E256 /* StoreService.swift */,
				A1B2C3D4E5F6A7B8C9D0E271 /* RecipeService.swift */,
				A1B2C3D4E5F6A7B8C9D0E283 /* StorageService.swift */,
				A1B2C3D4E5F6A7B8C9D0E298 /* ProfileService.swift */,
				A1B2C3D4E5F6A7B8C9D0E29C /* ProductSearchService.swift */,
				A1B2C3D4E5F6A7B8C9D0E2A4 /* SuggestionEngine.swift */,
				A1B2C3D4E5F6A7B8C9D0E2A8 /* OfflineCache.swift */,
			);
			path = Services;
			sourceTree = "<group>";
		};
		A1B2C3D4E5F6A7B8C9D0E213 /* ViewModels */ = {
			isa = PBXGroup;
			children = (
				C2D3E4F5A6B7C8D9E0F1A2B4 /* AuthViewModel.swift */,
				A1B2C3D4E5F6A7B8C9D0E236 /* ListViewModel.swift */,
				A1B2C3D4E5F6A7B8C9D0E258 /* ListDetailViewModel.swift */,
				A1B2C3D4E5F6A7B8C9D0E25A /* StoreViewModel.swift */,
				A1B2C3D4E5F6A7B8C9D0E273 /* RecipeViewModel.swift */,
			);
			path = ViewModels;
			sourceTree = "<group>";
		};
		A1B2C3D4E5F6A7B8C9D0E214 /* Views */ = {
			isa = PBXGroup;
			children = (
				E4F5A6B7C8D9E0F1A2B3C4D6 /* MainTabView.swift */,
				A1B2C3D4E5F6A7B8C9D0E215 /* Auth */,
				A1B2C3D4E5F6A7B8C9D0E216 /* Lists */,
				A1B2C3D4E5F6A7B8C9D0E217 /* Recipes */,
				A1B2C3D4E5F6A7B8C9D0E218 /* Stores */,
				A1B2C3D4E5F6A7B8C9D0E219 /* Settings */,
				A1B2C3D4E5F6A7B8C9D0E21A /* Components */,
			);
			path = Views;
			sourceTree = "<group>";
		};
		A1B2C3D4E5F6A7B8C9D0E215 /* Auth */ = {
			isa = PBXGroup;
			children = (
				D3E4F5A6B7C8D9E0F1A2B3C5 /* LoginView.swift */,
			);
			path = Auth;
			sourceTree = "<group>";
		};
		A1B2C3D4E5F6A7B8C9D0E216 /* Lists */ = {
			isa = PBXGroup;
			children = (
				A1B2C3D4E5F6A7B8C9D0E238 /* ListBrowserView.swift */,
				A1B2C3D4E5F6A7B8C9D0E23A /* ListRowView.swift */,
				A1B2C3D4E5F6A7B8C9D0E248 /* ListDetailView.swift */,
				A1B2C3D4E5F6A7B8C9D0E23C /* ListDetailPlaceholderView.swift */,
				A1B2C3D4E5F6A7B8C9D0E240 /* CreateListSheet.swift */,
				A1B2C3D4E5F6A7B8C9D0E244 /* EditListSheet.swift */,
				A1B2C3D4E5F6A7B8C9D0E246 /* ShareListSheet.swift */,
			);
			path = Lists;
			sourceTree = "<group>";
		};
		A1B2C3D4E5F6A7B8C9D0E217 /* Recipes */ = {
			isa = PBXGroup;
			children = (
				A1B2C3D4E5F6A7B8C9D0E275 /* CollectionBrowserView.swift */,
				A1B2C3D4E5F6A7B8C9D0E277 /* CreateCollectionSheet.swift */,
				A1B2C3D4E5F6A7B8C9D0E279 /* CollectionRecipeListView.swift */,
				A1B2C3D4E5F6A7B8C9D0E27B /* RecipeFormSheet.swift */,
				A1B2C3D4E5F6A7B8C9D0E27D /* RecipeDetailView.swift */,
				A1B2C3D4E5F6A7B8C9D0E27F /* ShareCollectionSheet.swift */,
				A1B2C3D4E5F6A7B8C9D0E281 /* EditCollectionSheet.swift */,
				A1B2C3D4E5F6A7B8C9D0E292 /* AddToListSheet.swift */,
			);
			path = Recipes;
			sourceTree = "<group>";
		};
		A1B2C3D4E5F6A7B8C9D0E218 /* Stores */ = {
			isa = PBXGroup;
			children = (
				A1B2C3D4E5F6A7B8C9D0E25D /* StoreBrowserView.swift */,
				A1B2C3D4E5F6A7B8C9D0E25F /* CreateStoreSheet.swift */,
				A1B2C3D4E5F6A7B8C9D0E261 /* EditStoreSheet.swift */,
				A1B2C3D4E5F6A7B8C9D0E263 /* CategoryEditorView.swift */,
				A1B2C3D4E5F6A7B8C9D0E265 /* CategoryDetailView.swift */,
			);
			path = Stores;
			sourceTree = "<group>";
		};
		A1B2C3D4E5F6A7B8C9D0E219 /* Settings */ = {
			isa = PBXGroup;
			children = (
				F5A6B7C8D9E0F1A2B3C4D5E7 /* SettingsView.swift */,
			);
			path = Settings;
			sourceTree = "<group>";
		};
		A1B2C3D4E5F6A7B8C9D0E21A /* Components */ = {
			isa = PBXGroup;
			children = (
				A1B2C3D4E5F6A7B8C9D0E23E /* ColorExtension.swift */,
				A1B2C3D4E5F6A7B8C9D0E242 /* EmojiPickerView.swift */,
				A1B2C3D4E5F6A7B8C9D0E288 /* CameraPicker.swift */,
				A1B2C3D4E5F6A7B8C9D0E29E /* ItemImagePickerSheet.swift */,
				A1B2C3D4E5F6A7B8C9D0E2A6 /* SuggestionsView.swift */,
				A1B2C3D4E5F6A7B8C9D0E2AA /* CachedDataBanner.swift */,
				A1B2C3D4E5F6A7B8C9D0E2AC /* StackedLogoView.swift */,
			);
			path = Components;
			sourceTree = "<group>";
		};
		A1B2C3D4E5F6A7B8C9D0E285 /* Utils */ = {
			isa = PBXGroup;
			children = (
				A1B2C3D4E5F6A7B8C9D0E29A /* AppearanceManager.swift */,
				A1B2C3D4E5F6A7B8C9D0E286 /* ImageCompressor.swift */,
				A1B2C3D4E5F6A7B8C9D0E290 /* RecipeTextParser.swift */,
				A1B2C3D4E5F6A7B8C9D0E2A0 /* NetworkMonitor.swift */,
			);
			path = Utils;
			sourceTree = "<group>";
		};
/* End PBXGroup section */

/* Begin PBXNativeTarget section */
		A1B2C3D4E5F6A7B8C9D0E205 /* GatherLists */ = {
			isa = PBXNativeTarget;
			buildConfigurationList = A1B2C3D4E5F6A7B8C9D0E206 /* Build configuration list for PBXNativeTarget "GatherLists" */;
			buildPhases = (
				A1B2C3D4E5F6A7B8C9D0E207 /* Sources */,
				A1B2C3D4E5F6A7B8C9D0E200 /* Frameworks */,
				A1B2C3D4E5F6A7B8C9D0E208 /* Resources */,
			);
			buildRules = (
			);
			dependencies = (
			);
			name = GatherLists;
			packageProductDependencies = (
				B1C2D3E4F5A6B7C8D9E0F1A7 /* Supabase */,
			);
			productName = GatherLists;
			productReference = A1B2C3D4E5F6A7B8C9D0E1F8 /* GatherLists.app */;
			productType = "com.apple.product-type.application";
		};
/* End PBXNativeTarget section */

/* Begin PBXProject section */
		A1B2C3D4E5F6A7B8C9D0E209 /* Project object */ = {
			isa = PBXProject;
			attributes = {
				BuildIndependentTargetsInParallel = 1;
				LastSwiftUpdateCheck = 1540;
				LastUpgradeCheck = 2630;
				TargetAttributes = {
					A1B2C3D4E5F6A7B8C9D0E205 = {
						CreatedOnToolsVersion = 15.4;
					};
				};
			};
			buildConfigurationList = A1B2C3D4E5F6A7B8C9D0E20A /* Build configuration list for PBXProject "GatherLists" */;
			compatibilityVersion = "Xcode 14.0";
			developmentRegion = en;
			hasScannedForEncodings = 0;
			knownRegions = (
				en,
				Base,
			);
			mainGroup = A1B2C3D4E5F6A7B8C9D0E201;
			packageReferences = (
				B1C2D3E4F5A6B7C8D9E0F1A8 /* XCRemoteSwiftPackageReference "supabase-swift" */,
			);
			productRefGroup = A1B2C3D4E5F6A7B8C9D0E203 /* Products */;
			projectDirPath = "";
			projectRoot = "";
			targets = (
				A1B2C3D4E5F6A7B8C9D0E205 /* GatherLists */,
			);
		};
/* End PBXProject section */

/* Begin PBXResourcesBuildPhase section */
		A1B2C3D4E5F6A7B8C9D0E208 /* Resources */ = {
			isa = PBXResourcesBuildPhase;
			buildActionMask = 2147483647;
			files = (
				A1B2C3D4E5F6A7B8C9D0E1F6 /* Preview Assets.xcassets in Resources */,
				A1B2C3D4E5F6A7B8C9D0E1F4 /* Assets.xcassets in Resources */,
				A1B2C3D4E5F6A7B8C9D0E221 /* PrivacyInfo.xcprivacy in Resources */,
				A1B2C3D4E5F6A7B8C9D0E2AF /* LaunchScreen.storyboard in Resources */,
				B1C2D3E4F5A6B7C8D9E0F1A2 /* Secrets.plist in Resources */,
			);
			runOnlyForDeploymentPostprocessing = 0;
		};
/* End PBXResourcesBuildPhase section */

/* Begin PBXSourcesBuildPhase section */
		A1B2C3D4E5F6A7B8C9D0E207 /* Sources */ = {
			isa = PBXSourcesBuildPhase;
			buildActionMask = 2147483647;
			files = (
				A1B2C3D4E5F6A7B8C9D0E253 /* ItemService.swift in Sources */,
				A1B2C3D4E5F6A7B8C9D0E255 /* HistoryService.swift in Sources */,
				A1B2C3D4E5F6A7B8C9D0E257 /* StoreService.swift in Sources */,
				A1B2C3D4E5F6A7B8C9D0E24B /* Item.swift in Sources */,
				A1B2C3D4E5F6A7B8C9D0E24D /* HistoryEntry.swift in Sources */,
				A1B2C3D4E5F6A7B8C9D0E24F /* Store.swift in Sources */,
				A1B2C3D4E5F6A7B8C9D0E251 /* CategoryDefinitions.swift in Sources */,
				A1B2C3D4E5F6A7B8C9D0E249 /* ListDetailView.swift in Sources */,
				A1B2C3D4E5F6A7B8C9D0E247 /* ShareListSheet.swift in Sources */,
				A1B2C3D4E5F6A7B8C9D0E237 /* ListViewModel.swift in Sources */,
				A1B2C3D4E5F6A7B8C9D0E259 /* ListDetailViewModel.swift in Sources */,
				A1B2C3D4E5F6A7B8C9D0E25B /* StoreViewModel.swift in Sources */,
				A1B2C3D4E5F6A7B8C9D0E231 /* GatherList.swift in Sources */,
				A1B2C3D4E5F6A7B8C9D0E233 /* ListShare.swift in Sources */,
				A1B2C3D4E5F6A7B8C9D0E235 /* ListService.swift in Sources */,
				A1B2C3D4E5F6A7B8C9D0E239 /* ListBrowserView.swift in Sources */,
				A1B2C3D4E5F6A7B8C9D0E23B /* ListRowView.swift in Sources */,
				A1B2C3D4E5F6A7B8C9D0E23D /* ListDetailPlaceholderView.swift in Sources */,
				A1B2C3D4E5F6A7B8C9D0E23F /* ColorExtension.swift in Sources */,
				A1B2C3D4E5F6A7B8C9D0E241 /* CreateListSheet.swift in Sources */,
				A1B2C3D4E5F6A7B8C9D0E245 /* EditListSheet.swift in Sources */,
				A1B2C3D4E5F6A7B8C9D0E243 /* EmojiPickerView.swift in Sources */,
				A1B2C3D4E5F6A7B8C9D0E1F2 /* GatherListsApp.swift in Sources */,
				B1C2D3E4F5A6B7C8D9E0F1A4 /* SupabaseManager.swift in Sources */,
				C2D3E4F5A6B7C8D9E0F1A2B3 /* AuthViewModel.swift in Sources */,
				D3E4F5A6B7C8D9E0F1A2B3C4 /* LoginView.swift in Sources */,
				E4F5A6B7C8D9E0F1A2B3C4D5 /* MainTabView.swift in Sources */,
				F5A6B7C8D9E0F1A2B3C4D5E6 /* SettingsView.swift in Sources */,
				A1B2C3D4E5F6A7B8C9D0E25E /* StoreBrowserView.swift in Sources */,
				A1B2C3D4E5F6A7B8C9D0E260 /* CreateStoreSheet.swift in Sources */,
				A1B2C3D4E5F6A7B8C9D0E262 /* EditStoreSheet.swift in Sources */,
				A1B2C3D4E5F6A7B8C9D0E264 /* CategoryEditorView.swift in Sources */,
				A1B2C3D4E5F6A7B8C9D0E266 /* CategoryDetailView.swift in Sources */,
				A1B2C3D4E5F6A7B8C9D0E268 /* Recipe.swift in Sources */,
				A1B2C3D4E5F6A7B8C9D0E26A /* RecipeIngredient.swift in Sources */,
				A1B2C3D4E5F6A7B8C9D0E26C /* RecipeStep.swift in Sources */,
				A1B2C3D4E5F6A7B8C9D0E26E /* RecipeCollection.swift in Sources */,
				A1B2C3D4E5F6A7B8C9D0E270 /* CollectionShare.swift in Sources */,
				A1B2C3D4E5F6A7B8C9D0E272 /* RecipeService.swift in Sources */,
				A1B2C3D4E5F6A7B8C9D0E274 /* RecipeViewModel.swift in Sources */,
				A1B2C3D4E5F6A7B8C9D0E276 /* CollectionBrowserView.swift in Sources */,
				A1B2C3D4E5F6A7B8C9D0E278 /* CreateCollectionSheet.swift in Sources */,
				A1B2C3D4E5F6A7B8C9D0E27A /* CollectionRecipeListView.swift in Sources */,
				A1B2C3D4E5F6A7B8C9D0E27C /* RecipeFormSheet.swift in Sources */,
				A1B2C3D4E5F6A7B8C9D0E27E /* RecipeDetailView.swift in Sources */,
				A1B2C3D4E5F6A7B8C9D0E280 /* ShareCollectionSheet.swift in Sources */,
				A1B2C3D4E5F6A7B8C9D0E282 /* EditCollectionSheet.swift in Sources */,
				A1B2C3D4E5F6A7B8C9D0E284 /* StorageService.swift in Sources */,
				A1B2C3D4E5F6A7B8C9D0E287 /* ImageCompressor.swift in Sources */,
				A1B2C3D4E5F6A7B8C9D0E289 /* CameraPicker.swift in Sources */,
				A1B2C3D4E5F6A7B8C9D0E291 /* RecipeTextParser.swift in Sources */,
				A1B2C3D4E5F6A7B8C9D0E293 /* AddToListSheet.swift in Sources */,
				A1B2C3D4E5F6A7B8C9D0E295 /* RecipeTemplate.swift in Sources */,
				A1B2C3D4E5F6A7B8C9D0E297 /* Profile.swift in Sources */,
				A1B2C3D4E5F6A7B8C9D0E299 /* ProfileService.swift in Sources */,
				A1B2C3D4E5F6A7B8C9D0E29B /* AppearanceManager.swift in Sources */,
				A1B2C3D4E5F6A7B8C9D0E29D /* ProductSearchService.swift in Sources */,
				A1B2C3D4E5F6A7B8C9D0E29F /* ItemImagePickerSheet.swift in Sources */,
				A1B2C3D4E5F6A7B8C9D0E2A1 /* NetworkMonitor.swift in Sources */,
				A1B2C3D4E5F6A7B8C9D0E2A3 /* ItemSuggestion.swift in Sources */,
				A1B2C3D4E5F6A7B8C9D0E2A5 /* SuggestionEngine.swift in Sources */,
				A1B2C3D4E5F6A7B8C9D0E2A7 /* SuggestionsView.swift in Sources */,
				A1B2C3D4E5F6A7B8C9D0E2A9 /* OfflineCache.swift in Sources */,
				A1B2C3D4E5F6A7B8C9D0E2AB /* CachedDataBanner.swift in Sources */,
				A1B2C3D4E5F6A7B8C9D0E2AD /* StackedLogoView.swift in Sources */,
			);
			runOnlyForDeploymentPostprocessing = 0;
		};
/* End PBXSourcesBuildPhase section */

/* Begin XCBuildConfiguration section */
		A1B2C3D4E5F6A7B8C9D0E20B /* Debug */ = {
			isa = XCBuildConfiguration;
			buildSettings = {
				ALWAYS_SEARCH_USER_PATHS = NO;
				ASSETCATALOG_COMPILER_GENERATE_SWIFT_ASSET_SYMBOL_EXTENSIONS = YES;
				CLANG_ANALYZER_NONNULL = YES;
				CLANG_ANALYZER_NUMBER_OBJECT_CONVERSION = YES_AGGRESSIVE;
				CLANG_CXX_LANGUAGE_STANDARD = "gnu++20";
				CLANG_ENABLE_MODULES = YES;
				CLANG_ENABLE_OBJC_ARC = YES;
				CLANG_ENABLE_OBJC_WEAK = YES;
				CLANG_WARN_BLOCK_CAPTURE_AUTORELEASING = YES;
				CLANG_WARN_BOOL_CONVERSION = YES;
				CLANG_WARN_COMMA = YES;
				CLANG_WARN_CONSTANT_CONVERSION = YES;
				CLANG_WARN_DEPRECATED_OBJC_IMPLEMENTATIONS = YES;
				CLANG_WARN_DIRECT_OBJC_ISA_USAGE = YES_ERROR;
				CLANG_WARN_DOCUMENTATION_COMMENTS = YES;
				CLANG_WARN_EMPTY_BODY = YES;
				CLANG_WARN_ENUM_CONVERSION = YES;
				CLANG_WARN_INFINITE_RECURSION = YES;
				CLANG_WARN_INT_CONVERSION = YES;
				CLANG_WARN_NON_LITERAL_NULL_CONVERSION = YES;
				CLANG_WARN_OBJC_IMPLICIT_RETAIN_SELF = YES;
				CLANG_WARN_OBJC_LITERAL_CONVERSION = YES;
				CLANG_WARN_OBJC_ROOT_CLASS = YES_ERROR;
				CLANG_WARN_QUOTED_INCLUDE_IN_FRAMEWORK_HEADER = YES;
				CLANG_WARN_RANGE_LOOP_ANALYSIS = YES;
				CLANG_WARN_STRICT_PROTOTYPES = YES;
				CLANG_WARN_SUSPICIOUS_MOVE = YES;
				CLANG_WARN_UNGUARDED_AVAILABILITY = YES_AGGRESSIVE;
				CLANG_WARN_UNREACHABLE_CODE = YES;
				CLANG_WARN__DUPLICATE_METHOD_MATCH = YES;
				COPY_PHASE_STRIP = NO;
				DEBUG_INFORMATION_FORMAT = dwarf;
				DEVELOPMENT_TEAM = 53L3M4444A;
				ENABLE_STRICT_OBJC_MSGSEND = YES;
				ENABLE_TESTABILITY = YES;
				ENABLE_USER_SCRIPT_SANDBOXING = YES;
				GCC_C_LANGUAGE_STANDARD = gnu17;
				GCC_DYNAMIC_NO_PIC = NO;
				GCC_NO_COMMON_BLOCKS = YES;
				GCC_OPTIMIZATION_LEVEL = 0;
				GCC_PREPROCESSOR_DEFINITIONS = (
					"DEBUG=1",
					"$(inherited)",
				);
				GCC_WARN_64_TO_32_BIT_CONVERSION = YES;
				GCC_WARN_ABOUT_RETURN_TYPE = YES_ERROR;
				GCC_WARN_UNDECLARED_SELECTOR = YES;
				GCC_WARN_UNINITIALIZED_AUTOS = YES_AGGRESSIVE;
				GCC_WARN_UNUSED_FUNCTION = YES;
				GCC_WARN_UNUSED_VARIABLE = YES;
				IPHONEOS_DEPLOYMENT_TARGET = 17.0;
				LOCALIZATION_PREFERS_STRING_CATALOGS = YES;
				MTL_ENABLE_DEBUG_INFO = INCLUDE_SOURCE;
				MTL_FAST_MATH = YES;
				ONLY_ACTIVE_ARCH = YES;
				SDKROOT = iphoneos;
				STRING_CATALOG_GENERATE_SYMBOLS = YES;
				SWIFT_ACTIVE_COMPILATION_CONDITIONS = "DEBUG $(inherited)";
				SWIFT_OPTIMIZATION_LEVEL = "-Onone";
			};
			name = Debug;
		};
		A1B2C3D4E5F6A7B8C9D0E20C /* Release */ = {
			isa = XCBuildConfiguration;
			buildSettings = {
				ALWAYS_SEARCH_USER_PATHS = NO;
				ASSETCATALOG_COMPILER_GENERATE_SWIFT_ASSET_SYMBOL_EXTENSIONS = YES;
				CLANG_ANALYZER_NONNULL = YES;
				CLANG_ANALYZER_NUMBER_OBJECT_CONVERSION = YES_AGGRESSIVE;
				CLANG_CXX_LANGUAGE_STANDARD = "gnu++20";
				CLANG_ENABLE_MODULES = YES;
				CLANG_ENABLE_OBJC_ARC = YES;
				CLANG_ENABLE_OBJC_WEAK = YES;
				CLANG_WARN_BLOCK_CAPTURE_AUTORELEASING = YES;
				CLANG_WARN_BOOL_CONVERSION = YES;
				CLANG_WARN_COMMA = YES;
				CLANG_WARN_CONSTANT_CONVERSION = YES;
				CLANG_WARN_DEPRECATED_OBJC_IMPLEMENTATIONS = YES;
				CLANG_WARN_DIRECT_OBJC_ISA_USAGE = YES_ERROR;
				CLANG_WARN_DOCUMENTATION_COMMENTS = YES;
				CLANG_WARN_EMPTY_BODY = YES;
				CLANG_WARN_ENUM_CONVERSION = YES;
				CLANG_WARN_INFINITE_RECURSION = YES;
				CLANG_WARN_INT_CONVERSION = YES;
				CLANG_WARN_NON_LITERAL_NULL_CONVERSION = YES;
				CLANG_WARN_OBJC_IMPLICIT_RETAIN_SELF = YES;
				CLANG_WARN_OBJC_LITERAL_CONVERSION = YES;
				CLANG_WARN_OBJC_ROOT_CLASS = YES_ERROR;
				CLANG_WARN_QUOTED_INCLUDE_IN_FRAMEWORK_HEADER = YES;
				CLANG_WARN_RANGE_LOOP_ANALYSIS = YES;
				CLANG_WARN_STRICT_PROTOTYPES = YES;
				CLANG_WARN_SUSPICIOUS_MOVE = YES;
				CLANG_WARN_UNGUARDED_AVAILABILITY = YES_AGGRESSIVE;
				CLANG_WARN_UNREACHABLE_CODE = YES;
				CLANG_WARN__DUPLICATE_METHOD_MATCH = YES;
				COPY_PHASE_STRIP = NO;
				DEBUG_INFORMATION_FORMAT = "dwarf-with-dsym";
				DEVELOPMENT_TEAM = 53L3M4444A;
				ENABLE_NS_ASSERTIONS = NO;
				ENABLE_STRICT_OBJC_MSGSEND = YES;
				ENABLE_USER_SCRIPT_SANDBOXING = YES;
				GCC_C_LANGUAGE_STANDARD = gnu17;
				GCC_NO_COMMON_BLOCKS = YES;
				GCC_WARN_64_TO_32_BIT_CONVERSION = YES;
				GCC_WARN_ABOUT_RETURN_TYPE = YES_ERROR;
				GCC_WARN_UNDECLARED_SELECTOR = YES;
				GCC_WARN_UNINITIALIZED_AUTOS = YES_AGGRESSIVE;
				GCC_WARN_UNUSED_FUNCTION = YES;
				GCC_WARN_UNUSED_VARIABLE = YES;
				IPHONEOS_DEPLOYMENT_TARGET = 17.0;
				LOCALIZATION_PREFERS_STRING_CATALOGS = YES;
				MTL_ENABLE_DEBUG_INFO = NO;
				MTL_FAST_MATH = YES;
				SDKROOT = iphoneos;
				STRING_CATALOG_GENERATE_SYMBOLS = YES;
				SWIFT_COMPILATION_MODE = wholemodule;
				VALIDATE_PRODUCT = YES;
			};
			name = Release;
		};
		A1B2C3D4E5F6A7B8C9D0E20D /* Debug */ = {
			isa = XCBuildConfiguration;
			buildSettings = {
				ASSETCATALOG_COMPILER_APPICON_NAME = AppIcon;
				ASSETCATALOG_COMPILER_GLOBAL_ACCENT_COLOR_NAME = AccentColor;
				CODE_SIGN_ENTITLEMENTS = GatherLists/GatherLists.entitlements;
				CODE_SIGN_IDENTITY = "Apple Development";
				CODE_SIGN_STYLE = Automatic;
				CURRENT_PROJECT_VERSION = 1;
				DEVELOPMENT_ASSET_PATHS = "\"GatherLists/Preview Content\"";
				ENABLE_PREVIEWS = YES;
				GENERATE_INFOPLIST_FILE = YES;
				INFOPLIST_FILE = GatherLists/Info.plist;
				INFOPLIST_KEY_CFBundleDisplayName = "Gather Lists";
				INFOPLIST_KEY_UIApplicationSceneManifest_Generation = YES;
				INFOPLIST_KEY_UIApplicationSupportsIndirectInputEvents = YES;
				INFOPLIST_KEY_UILaunchStoryboardName = LaunchScreen;
				INFOPLIST_KEY_UISupportedInterfaceOrientations = UIInterfaceOrientationPortrait;
				LD_RUNPATH_SEARCH_PATHS = (
					"$(inherited)",
					"@executable_path/Frameworks",
				);
				MARKETING_VERSION = 1.0.0;
				PRODUCT_BUNDLE_IDENTIFIER = com.gatherlists;
				PRODUCT_NAME = "$(TARGET_NAME)";
				SWIFT_EMIT_LOC_STRINGS = YES;
				SWIFT_VERSION = 5.0;
				TARGETED_DEVICE_FAMILY = 1;
			};
			name = Debug;
		};
		A1B2C3D4E5F6A7B8C9D0E20E /* Release */ = {
			isa = XCBuildConfiguration;
			buildSettings = {
				ASSETCATALOG_COMPILER_APPICON_NAME = AppIcon;
				ASSETCATALOG_COMPILER_GLOBAL_ACCENT_COLOR_NAME = AccentColor;
				CODE_SIGN_ENTITLEMENTS = GatherLists/GatherLists.entitlements;
				CODE_SIGN_IDENTITY = "Apple Development";
				CODE_SIGN_STYLE = Automatic;
				CURRENT_PROJECT_VERSION = 1;
				DEVELOPMENT_ASSET_PATHS = "\"GatherLists/Preview Content\"";
				ENABLE_PREVIEWS = YES;
				GENERATE_INFOPLIST_FILE = YES;
				INFOPLIST_FILE = GatherLists/Info.plist;
				INFOPLIST_KEY_CFBundleDisplayName = "Gather Lists";
				INFOPLIST_KEY_UIApplicationSceneManifest_Generation = YES;
				INFOPLIST_KEY_UIApplicationSupportsIndirectInputEvents = YES;
				INFOPLIST_KEY_UILaunchStoryboardName = LaunchScreen;
				INFOPLIST_KEY_UISupportedInterfaceOrientations = UIInterfaceOrientationPortrait;
				LD_RUNPATH_SEARCH_PATHS = (
					"$(inherited)",
					"@executable_path/Frameworks",
				);
				MARKETING_VERSION = 1.0.0;
				PRODUCT_BUNDLE_IDENTIFIER = com.gatherlists;
				PRODUCT_NAME = "$(TARGET_NAME)";
				SWIFT_EMIT_LOC_STRINGS = YES;
				SWIFT_VERSION = 5.0;
				TARGETED_DEVICE_FAMILY = 1;
			};
			name = Release;
		};
/* End XCBuildConfiguration section */

/* Begin XCConfigurationList section */
		A1B2C3D4E5F6A7B8C9D0E206 /* Build configuration list for PBXNativeTarget "GatherLists" */ = {
			isa = XCConfigurationList;
			buildConfigurations = (
				A1B2C3D4E5F6A7B8C9D0E20D /* Debug */,
				A1B2C3D4E5F6A7B8C9D0E20E /* Release */,
			);
			defaultConfigurationIsVisible = 0;
			defaultConfigurationName = Release;
		};
		A1B2C3D4E5F6A7B8C9D0E20A /* Build configuration list for PBXProject "GatherLists" */ = {
			isa = XCConfigurationList;
			buildConfigurations = (
				A1B2C3D4E5F6A7B8C9D0E20B /* Debug */,
				A1B2C3D4E5F6A7B8C9D0E20C /* Release */,
			);
			defaultConfigurationIsVisible = 0;
			defaultConfigurationName = Release;
		};
/* End XCConfigurationList section */

/* Begin XCRemoteSwiftPackageReference section */
		B1C2D3E4F5A6B7C8D9E0F1A8 /* XCRemoteSwiftPackageReference "supabase-swift" */ = {
			isa = XCRemoteSwiftPackageReference;
			repositoryURL = "https://github.com/supabase/supabase-swift.git";
			requirement = {
				kind = upToNextMajorVersion;
				minimumVersion = 2.0.0;
			};
		};
/* End XCRemoteSwiftPackageReference section */

/* Begin XCSwiftPackageProductDependency section */
		B1C2D3E4F5A6B7C8D9E0F1A7 /* Supabase */ = {
			isa = XCSwiftPackageProductDependency;
			package = B1C2D3E4F5A6B7C8D9E0F1A8 /* XCRemoteSwiftPackageReference "supabase-swift" */;
			productName = Supabase;
		};
/* End XCSwiftPackageProductDependency section */
	};
	rootObject = A1B2C3D4E5F6A7B8C9D0E209 /* Project object */;
}
